# THIS IS AN AUTOGENERATED FILE. DO NOT EDIT THIS FILE DIRECTLY.
# yarn lockfile v1


"@babel/runtime@^7.23.2", "@babel/runtime@^7.25.0", "@babel/runtime@^7.27.1":
  version "7.27.6"
  resolved "https://registry.yarnpkg.com/@babel/runtime/-/runtime-7.27.6.tgz#ec4070a04d76bae8ddbb10770ba55714a417b7c6"
  integrity sha512-vbavdySgbTTrmFE+EsiqUTzlOr5bzlnJtUv9PynGCAKvfQqjIXbvFdumPM/GxMDfyuGMJaJAU6TO4zc1Jf1i8Q==

"@types/hoist-non-react-statics@^3.3.6":
  version "3.3.6"
  resolved "https://registry.yarnpkg.com/@types/hoist-non-react-statics/-/hoist-non-react-statics-3.3.6.tgz#6bba74383cdab98e8db4e20ce5b4a6b98caed010"
  integrity sha512-lPByRJUer/iN/xa4qpyL0qmL11DqNW81iU/IG1S3uvRUq4oKagz8VCxZjiWkumgt66YT3vOdDgZ0o32sGKtCEw==
  dependencies:
    "@types/react" "*"
    hoist-non-react-statics "^3.3.0"

"@types/react@*":
  version "19.1.6"
  resolved "https://registry.yarnpkg.com/@types/react/-/react-19.1.6.tgz#dee39f3e1e9a7d693f156a5840570b6d57f325ea"
  integrity sha512-JeG0rEWak0N6Itr6QUx+X60uQmN+5t3j9r/OVDtWzFXKaj6kD1BwJzOksD0FF6iWxZlbE1kB0q9vtnU2ekqa1Q==
  dependencies:
    csstype "^3.0.2"

core-js@^3:
  version "3.42.0"
  resolved "https://registry.yarnpkg.com/core-js/-/core-js-3.42.0.tgz#edbe91f78ac8cfb6df8d997e74d368a68082fe37"
  integrity sha512-Sz4PP4ZA+Rq4II21qkNqOEDTDrCvcANId3xpIgB34NDkWc3UduWj2dqEtN9yZIq8Dk3HyPI33x9sqqU5C8sr0g==

csstype@^3.0.2:
  version "3.1.3"
  resolved "https://registry.yarnpkg.com/csstype/-/csstype-3.1.3.tgz#d80ff294d114fb0e6ac500fbf85b60137d7eff81"
  integrity sha512-M1uQkMl8rQK/szD0LNhtqxIPLpimGm8sOBwU7lLnCpSbTyY3yeU1Vc7l4KT5zT4s/yOxHH5O7tIuuLOCnLADRw==

hoist-non-react-statics@^3.3.0, hoist-non-react-statics@^3.3.2:
  version "3.3.2"
  resolved "https://registry.yarnpkg.com/hoist-non-react-statics/-/hoist-non-react-statics-3.3.2.tgz#ece0acaf71d62c2969c2ec59feff42a4b1a85b45"
  integrity sha512-/gGivxi8JPKWNm/W0jSmzcMPpfpPLc3dY/6GxhX2hQ9iGj3aDfklV4ET7NjKpSinLpJ5vafa9iiGIEZg10SfBw==
  dependencies:
    react-is "^16.7.0"

html-parse-stringify@^3.0.1:
  version "3.0.1"
  resolved "https://registry.yarnpkg.com/html-parse-stringify/-/html-parse-stringify-3.0.1.tgz#dfc1017347ce9f77c8141a507f233040c59c55d2"
  integrity sha512-KknJ50kTInJ7qIScF3jeaFRpMpE8/lfiTdzf/twXyPBLAGrLRTmkz3AdTnKeh40X8k9L2fdYwEp/42WGXIRGcg==
  dependencies:
    void-elements "3.1.0"

i18next-fs-backend@^2.6.0:
  version "2.6.0"
  resolved "https://registry.yarnpkg.com/i18next-fs-backend/-/i18next-fs-backend-2.6.0.tgz#7b6b54c5ffc2a5073e47eda0673c002376fa1a3c"
  integrity sha512-3ZlhNoF9yxnM8pa8bWp5120/Ob6t4lVl1l/tbLmkml/ei3ud8IWySCHt2lrY5xWRlSU5D9IV2sm5bEbGuTqwTw==

i18next@^25.2.1:
  version "25.2.1"
  resolved "https://registry.yarnpkg.com/i18next/-/i18next-25.2.1.tgz#23cf8794904f551f577558d93c84b0fb6cd489a2"
  integrity sha512-+UoXK5wh+VlE1Zy5p6MjcvctHXAhRwQKCxiJD8noKZzIXmnAX8gdHX5fLPA3MEVxEN4vbZkQFy8N0LyD9tUqPw==
  dependencies:
    "@babel/runtime" "^7.27.1"

next-i18next@^15.4.2:
  version "15.4.2"
  resolved "https://registry.yarnpkg.com/next-i18next/-/next-i18next-15.4.2.tgz#b2bc80ad77e92433e6bf2821bbb76c2630347495"
  integrity sha512-zgRxWf7kdXtM686ecGIBQL+Bq0+DqAhRlasRZ3vVF0TmrNTWkVhs52n//oU3Fj5O7r/xOKkECDUwfOuXVwTK/g==
  dependencies:
    "@babel/runtime" "^7.23.2"
    "@types/hoist-non-react-statics" "^3.3.6"
    core-js "^3"
    hoist-non-react-statics "^3.3.2"
    i18next-fs-backend "^2.6.0"

react-i18next@^15.5.2:
  version "15.5.2"
  resolved "https://registry.yarnpkg.com/react-i18next/-/react-i18next-15.5.2.tgz#2cfbd8e055efea077a7cbd7fbd9528c76d31925e"
  integrity sha512-ePODyXgmZQAOYTbZXQn5rRsSBu3Gszo69jxW6aKmlSgxKAI1fOhDwSu6bT4EKHciWPKQ7v7lPrjeiadR6Gi+1A==
  dependencies:
    "@babel/runtime" "^7.25.0"
    html-parse-stringify "^3.0.1"

react-is@^16.7.0:
  version "16.13.1"
  resolved "https://registry.yarnpkg.com/react-is/-/react-is-16.13.1.tgz#789729a4dc36de2999dc156dd6c1d9c18cea56a4"
  integrity sha512-24e6ynE2H+OKt4kqsOvNd8kBpV65zoxbA4BVsEOB3ARVWQki/DHzaUoC5KuON/BiccDaCCTZBuOcfZs70kR8bQ==

void-elements@3.1.0:
  version "3.1.0"
  resolved "https://registry.yarnpkg.com/void-elements/-/void-elements-3.1.0.tgz#614f7fbf8d801f0bb5f0661f5b2f5785750e4f09"
  integrity sha512-Dhxzh5HZuiHQhbvTW9AMetFfBHDMYpo23Uo9btPXgdYP+3T5S+p+jgNy7spra+veYhBP2dCSgxR/i2Y02h5/6w==
